// !$*UTF8*$!
{
	archiveVersion = 1;
	classes = {
	};
	objectVersion = 46;
	objects = {

/* Begin PBXBuildFile section */
		36262A101962986E0046EF37 /* DataStore.m in Sources */ = {isa = PBXBuildFile; fileRef = 36262A0F1962986E0046EF37 /* DataStore.m */; };
		36262A641962A02C0046EF37 /* TodoListViewController.m in Sources */ = {isa = PBXBuildFile; fileRef = 36262A631962A02C0046EF37 /* TodoListViewController.m */; };
		36262A671962C7450046EF37 /* Model.m in Sources */ = {isa = PBXBuildFile; fileRef = 36262A661962C7450046EF37 /* Model.m */; };
		36262A6A1962CB3E0046EF37 /* Item.m in Sources */ = {isa = PBXBuildFile; fileRef = 36262A691962CB3E0046EF37 /* Item.m */; };
		363740A1195CFBB80023BAF8 /* Foundation.framework in Frameworks */ = {isa = PBXBuildFile; fileRef = 363740A0195CFBB80023BAF8 /* Foundation.framework */; };
		363740A3195CFBB80023BAF8 /* CoreGraphics.framework in Frameworks */ = {isa = PBXBuildFile; fileRef = 363740A2195CFBB80023BAF8 /* CoreGraphics.framework */; };
		363740A5195CFBB80023BAF8 /* UIKit.framework in Frameworks */ = {isa = PBXBuildFile; fileRef = 363740A4195CFBB80023BAF8 /* UIKit.framework */; };
		363740AB195CFBB80023BAF8 /* InfoPlist.strings in Resources */ = {isa = PBXBuildFile; fileRef = 363740A9195CFBB80023BAF8 /* InfoPlist.strings */; };
		363740AD195CFBB80023BAF8 /* main.m in Sources */ = {isa = PBXBuildFile; fileRef = 363740AC195CFBB80023BAF8 /* main.m */; };
		363740B1195CFBB80023BAF8 /* AppDelegate.m in Sources */ = {isa = PBXBuildFile; fileRef = 363740B0195CFBB80023BAF8 /* AppDelegate.m */; };
		363740B4195CFBB80023BAF8 /* Main_iPhone.storyboard in Resources */ = {isa = PBXBuildFile; fileRef = 363740B2195CFBB80023BAF8 /* Main_iPhone.storyboard */; };
		363740B7195CFBB80023BAF8 /* Main_iPad.storyboard in Resources */ = {isa = PBXBuildFile; fileRef = 363740B5195CFBB80023BAF8 /* Main_iPad.storyboard */; };
		363740BA195CFBB80023BAF8 /* ViewController.m in Sources */ = {isa = PBXBuildFile; fileRef = 363740B9195CFBB80023BAF8 /* ViewController.m */; };
		363740BC195CFBB80023BAF8 /* Images.xcassets in Resources */ = {isa = PBXBuildFile; fileRef = 363740BB195CFBB80023BAF8 /* Images.xcassets */; };
		363740C3195CFBB80023BAF8 /* XCTest.framework in Frameworks */ = {isa = PBXBuildFile; fileRef = 363740C2195CFBB80023BAF8 /* XCTest.framework */; };
		363740C4195CFBB80023BAF8 /* Foundation.framework in Frameworks */ = {isa = PBXBuildFile; fileRef = 363740A0195CFBB80023BAF8 /* Foundation.framework */; };
		363740C5195CFBB80023BAF8 /* UIKit.framework in Frameworks */ = {isa = PBXBuildFile; fileRef = 363740A4195CFBB80023BAF8 /* UIKit.framework */; };
		363740CD195CFBB90023BAF8 /* InfoPlist.strings in Resources */ = {isa = PBXBuildFile; fileRef = 363740CB195CFBB90023BAF8 /* InfoPlist.strings */; };
		363740CF195CFBB90023BAF8 /* iAFTests.m in Sources */ = {isa = PBXBuildFile; fileRef = 363740CE195CFBB90023BAF8 /* iAFTests.m */; };
		363740E5195D05670023BAF8 /* UICustomize.m in Sources */ = {isa = PBXBuildFile; fileRef = 363740E4195D05670023BAF8 /* UICustomize.m */; };
		363740E9195D0C380023BAF8 /* FacebookConnectButton.m in Sources */ = {isa = PBXBuildFile; fileRef = 363740E8195D0C380023BAF8 /* FacebookConnectButton.m */; };
		36374113195D0EC90023BAF8 /* AFHTTPRequestOperation.m in Sources */ = {isa = PBXBuildFile; fileRef = 363740EF195D0EC90023BAF8 /* AFHTTPRequestOperation.m */; };
		36374114195D0EC90023BAF8 /* AFHTTPRequestOperationManager.m in Sources */ = {isa = PBXBuildFile; fileRef = 363740F1195D0EC90023BAF8 /* AFHTTPRequestOperationManager.m */; };
		36374115195D0EC90023BAF8 /* AFHTTPSessionManager.m in Sources */ = {isa = PBXBuildFile; fileRef = 363740F3195D0EC90023BAF8 /* AFHTTPSessionManager.m */; };
		36374116195D0EC90023BAF8 /* AFNetworkReachabilityManager.m in Sources */ = {isa = PBXBuildFile; fileRef = 363740F6195D0EC90023BAF8 /* AFNetworkReachabilityManager.m */; };
		36374117195D0EC90023BAF8 /* AFSecurityPolicy.m in Sources */ = {isa = PBXBuildFile; fileRef = 363740F8195D0EC90023BAF8 /* AFSecurityPolicy.m */; };
		36374118195D0EC90023BAF8 /* AFURLConnectionOperation.m in Sources */ = {isa = PBXBuildFile; fileRef = 363740FA195D0EC90023BAF8 /* AFURLConnectionOperation.m */; };
		36374119195D0EC90023BAF8 /* AFURLRequestSerialization.m in Sources */ = {isa = PBXBuildFile; fileRef = 363740FC195D0EC90023BAF8 /* AFURLRequestSerialization.m */; };
		3637411A195D0EC90023BAF8 /* AFURLResponseSerialization.m in Sources */ = {isa = PBXBuildFile; fileRef = 363740FE195D0EC90023BAF8 /* AFURLResponseSerialization.m */; };
		3637411B195D0EC90023BAF8 /* AFURLSessionManager.m in Sources */ = {isa = PBXBuildFile; fileRef = 36374100195D0EC90023BAF8 /* AFURLSessionManager.m */; };
		3637411C195D0EC90023BAF8 /* AFNetworkActivityIndicatorManager.m in Sources */ = {isa = PBXBuildFile; fileRef = 36374103195D0EC90023BAF8 /* AFNetworkActivityIndicatorManager.m */; };
		3637411D195D0EC90023BAF8 /* UIActivityIndicatorView+AFNetworking.m in Sources */ = {isa = PBXBuildFile; fileRef = 36374105195D0EC90023BAF8 /* UIActivityIndicatorView+AFNetworking.m */; };
		3637411E195D0EC90023BAF8 /* UIAlertView+AFNetworking.m in Sources */ = {isa = PBXBuildFile; fileRef = 36374107195D0EC90023BAF8 /* UIAlertView+AFNetworking.m */; };
		3637411F195D0EC90023BAF8 /* UIButton+AFNetworking.m in Sources */ = {isa = PBXBuildFile; fileRef = 36374109195D0EC90023BAF8 /* UIButton+AFNetworking.m */; };
		36374120195D0EC90023BAF8 /* UIImageView+AFNetworking.m in Sources */ = {isa = PBXBuildFile; fileRef = 3637410B195D0EC90023BAF8 /* UIImageView+AFNetworking.m */; };
		36374121195D0EC90023BAF8 /* UIProgressView+AFNetworking.m in Sources */ = {isa = PBXBuildFile; fileRef = 3637410E195D0EC90023BAF8 /* UIProgressView+AFNetworking.m */; };
		36374122195D0EC90023BAF8 /* UIRefreshControl+AFNetworking.m in Sources */ = {isa = PBXBuildFile; fileRef = 36374110195D0EC90023BAF8 /* UIRefreshControl+AFNetworking.m */; };
		36374123195D0EC90023BAF8 /* UIWebView+AFNetworking.m in Sources */ = {isa = PBXBuildFile; fileRef = 36374112195D0EC90023BAF8 /* UIWebView+AFNetworking.m */; };
		36374145195D1F130023BAF8 /* FacebookLoginAction.m in Sources */ = {isa = PBXBuildFile; fileRef = 36374144195D1F130023BAF8 /* FacebookLoginAction.m */; };
		36412F421962973100A5FA00 /* DataStore.xcdatamodeld in Sources */ = {isa = PBXBuildFile; fileRef = 36412F401962973100A5FA00 /* DataStore.xcdatamodeld */; };
		36A4A22D195D60F400CE5251 /* LoginViewController.m in Sources */ = {isa = PBXBuildFile; fileRef = 36A4A22C195D60F400CE5251 /* LoginViewController.m */; };
		36A4A230195D641000CE5251 /* KeyboardHandledViewController.m in Sources */ = {isa = PBXBuildFile; fileRef = 36A4A22F195D641000CE5251 /* KeyboardHandledViewController.m */; };
		36AE211F1961435F00D9AD6E /* SidebarViewController.m in Sources */ = {isa = PBXBuildFile; fileRef = 36AE211E1961435F00D9AD6E /* SidebarViewController.m */; };
		36AE21231961458900D9AD6E /* UISidebarMenuSegue.m in Sources */ = {isa = PBXBuildFile; fileRef = 36AE21221961458900D9AD6E /* UISidebarMenuSegue.m */; };
		36AE21261961467100D9AD6E /* UISidebarItemSegue.m in Sources */ = {isa = PBXBuildFile; fileRef = 36AE21251961467100D9AD6E /* UISidebarItemSegue.m */; };
/* End PBXBuildFile section */

/* Begin PBXContainerItemProxy section */
		363740C6195CFBB80023BAF8 /* PBXContainerItemProxy */ = {
			isa = PBXContainerItemProxy;
			containerPortal = 36374095195CFBB80023BAF8 /* Project object */;
			proxyType = 1;
			remoteGlobalIDString = 3637409C195CFBB80023BAF8;
			remoteInfo = iAF;
		};
/* End PBXContainerItemProxy section */

/* Begin PBXFileReference section */
		36262A0E1962986E0046EF37 /* DataStore.h */ = {isa = PBXFileReference; fileEncoding = 4; lastKnownFileType = sourcecode.c.h; name = DataStore.h; path = Applications/Models/DataStore.h; sourceTree = "<group>"; };
		36262A0F1962986E0046EF37 /* DataStore.m */ = {isa = PBXFileReference; fileEncoding = 4; lastKnownFileType = sourcecode.c.objc; name = DataStore.m; path = Applications/Models/DataStore.m; sourceTree = "<group>"; };
		36262A621962A02C0046EF37 /* TodoListViewController.h */ = {isa = PBXFileReference; fileEncoding = 4; lastKnownFileType = sourcecode.c.h; name = TodoListViewController.h; path = Applications/Controllers/CoreDataSample/TodoListViewController.h; sourceTree = "<group>"; };
		36262A631962A02C0046EF37 /* TodoListViewController.m */ = {isa = PBXFileReference; fileEncoding = 4; lastKnownFileType = sourcecode.c.objc; name = TodoListViewController.m; path = Applications/Controllers/CoreDataSample/TodoListViewController.m; sourceTree = "<group>"; };
		36262A651962C7450046EF37 /* Model.h */ = {isa = PBXFileReference; fileEncoding = 4; lastKnownFileType = sourcecode.c.h; name = Model.h; path = Applications/Models/Model.h; sourceTree = "<group>"; };
		36262A661962C7450046EF37 /* Model.m */ = {isa = PBXFileReference; fileEncoding = 4; lastKnownFileType = sourcecode.c.objc; name = Model.m; path = Applications/Models/Model.m; sourceTree = "<group>"; };
		36262A681962CB3E0046EF37 /* Item.h */ = {isa = PBXFileReference; fileEncoding = 4; lastKnownFileType = sourcecode.c.h; name = Item.h; path = Applications/Models/Item.h; sourceTree = "<group>"; };
		36262A691962CB3E0046EF37 /* Item.m */ = {isa = PBXFileReference; fileEncoding = 4; lastKnownFileType = sourcecode.c.objc; name = Item.m; path = Applications/Models/Item.m; sourceTree = "<group>"; };
		3637409D195CFBB80023BAF8 /* iAF.app */ = {isa = PBXFileReference; explicitFileType = wrapper.application; includeInIndex = 0; path = iAF.app; sourceTree = BUILT_PRODUCTS_DIR; };
		363740A0195CFBB80023BAF8 /* Foundation.framework */ = {isa = PBXFileReference; lastKnownFileType = wrapper.framework; name = Foundation.framework; path = System/Library/Frameworks/Foundation.framework; sourceTree = SDKROOT; };
		363740A2195CFBB80023BAF8 /* CoreGraphics.framework */ = {isa = PBXFileReference; lastKnownFileType = wrapper.framework; name = CoreGraphics.framework; path = System/Library/Frameworks/CoreGraphics.framework; sourceTree = SDKROOT; };
		363740A4195CFBB80023BAF8 /* UIKit.framework */ = {isa = PBXFileReference; lastKnownFileType = wrapper.framework; name = UIKit.framework; path = System/Library/Frameworks/UIKit.framework; sourceTree = SDKROOT; };
		363740A8195CFBB80023BAF8 /* iAF-Info.plist */ = {isa = PBXFileReference; lastKnownFileType = text.plist.xml; path = "iAF-Info.plist"; sourceTree = "<group>"; };
		363740AA195CFBB80023BAF8 /* en */ = {isa = PBXFileReference; lastKnownFileType = text.plist.strings; name = en; path = en.lproj/InfoPlist.strings; sourceTree = "<group>"; };
		363740AC195CFBB80023BAF8 /* main.m */ = {isa = PBXFileReference; lastKnownFileType = sourcecode.c.objc; path = main.m; sourceTree = "<group>"; };
		363740AE195CFBB80023BAF8 /* iAF-Prefix.pch */ = {isa = PBXFileReference; lastKnownFileType = sourcecode.c.h; path = "iAF-Prefix.pch"; sourceTree = "<group>"; };
		363740AF195CFBB80023BAF8 /* AppDelegate.h */ = {isa = PBXFileReference; lastKnownFileType = sourcecode.c.h; path = AppDelegate.h; sourceTree = "<group>"; };
		363740B0195CFBB80023BAF8 /* AppDelegate.m */ = {isa = PBXFileReference; lastKnownFileType = sourcecode.c.objc; path = AppDelegate.m; sourceTree = "<group>"; };
		363740B3195CFBB80023BAF8 /* Base */ = {isa = PBXFileReference; lastKnownFileType = file.storyboard; name = Base; path = Base.lproj/Main_iPhone.storyboard; sourceTree = "<group>"; };
		363740B6195CFBB80023BAF8 /* Base */ = {isa = PBXFileReference; lastKnownFileType = file.storyboard; name = Base; path = Base.lproj/Main_iPad.storyboard; sourceTree = "<group>"; };
		363740B8195CFBB80023BAF8 /* ViewController.h */ = {isa = PBXFileReference; lastKnownFileType = sourcecode.c.h; path = ViewController.h; sourceTree = "<group>"; };
		363740B9195CFBB80023BAF8 /* ViewController.m */ = {isa = PBXFileReference; lastKnownFileType = sourcecode.c.objc; path = ViewController.m; sourceTree = "<group>"; };
		363740BB195CFBB80023BAF8 /* Images.xcassets */ = {isa = PBXFileReference; lastKnownFileType = folder.assetcatalog; path = Images.xcassets; sourceTree = "<group>"; };
		363740C1195CFBB80023BAF8 /* iAFTests.xctest */ = {isa = PBXFileReference; explicitFileType = wrapper.cfbundle; includeInIndex = 0; path = iAFTests.xctest; sourceTree = BUILT_PRODUCTS_DIR; };
		363740C2195CFBB80023BAF8 /* XCTest.framework */ = {isa = PBXFileReference; lastKnownFileType = wrapper.framework; name = XCTest.framework; path = Library/Frameworks/XCTest.framework; sourceTree = DEVELOPER_DIR; };
		363740CA195CFBB80023BAF8 /* iAFTests-Info.plist */ = {isa = PBXFileReference; lastKnownFileType = text.plist.xml; path = "iAFTests-Info.plist"; sourceTree = "<group>"; };
		363740CC195CFBB90023BAF8 /* en */ = {isa = PBXFileReference; lastKnownFileType = text.plist.strings; name = en; path = en.lproj/InfoPlist.strings; sourceTree = "<group>"; };
		363740CE195CFBB90023BAF8 /* iAFTests.m */ = {isa = PBXFileReference; lastKnownFileType = sourcecode.c.objc; path = iAFTests.m; sourceTree = "<group>"; };
		363740E3195D05670023BAF8 /* UICustomize.h */ = {isa = PBXFileReference; fileEncoding = 4; lastKnownFileType = sourcecode.c.h; name = UICustomize.h; path = Applications/Views/Helpers/UICustomize.h; sourceTree = "<group>"; };
		363740E4195D05670023BAF8 /* UICustomize.m */ = {isa = PBXFileReference; fileEncoding = 4; lastKnownFileType = sourcecode.c.objc; name = UICustomize.m; path = Applications/Views/Helpers/UICustomize.m; sourceTree = "<group>"; };
		363740E7195D0C380023BAF8 /* FacebookConnectButton.h */ = {isa = PBXFileReference; fileEncoding = 4; lastKnownFileType = sourcecode.c.h; name = FacebookConnectButton.h; path = Applications/Views/CustomViews/FacebookConnectButton.h; sourceTree = "<group>"; };
		363740E8195D0C380023BAF8 /* FacebookConnectButton.m */ = {isa = PBXFileReference; fileEncoding = 4; lastKnownFileType = sourcecode.c.objc; name = FacebookConnectButton.m; path = Applications/Views/CustomViews/FacebookConnectButton.m; sourceTree = "<group>"; };
		363740EE195D0EC90023BAF8 /* AFHTTPRequestOperation.h */ = {isa = PBXFileReference; fileEncoding = 4; lastKnownFileType = sourcecode.c.h; path = AFHTTPRequestOperation.h; sourceTree = "<group>"; };
		363740EF195D0EC90023BAF8 /* AFHTTPRequestOperation.m */ = {isa = PBXFileReference; fileEncoding = 4; lastKnownFileType = sourcecode.c.objc; path = AFHTTPRequestOperation.m; sourceTree = "<group>"; };
		363740F0195D0EC90023BAF8 /* AFHTTPRequestOperationManager.h */ = {isa = PBXFileReference; fileEncoding = 4; lastKnownFileType = sourcecode.c.h; path = AFHTTPRequestOperationManager.h; sourceTree = "<group>"; };
		363740F1195D0EC90023BAF8 /* AFHTTPRequestOperationManager.m */ = {isa = PBXFileReference; fileEncoding = 4; lastKnownFileType = sourcecode.c.objc; path = AFHTTPRequestOperationManager.m; sourceTree = "<group>"; };
		363740F2195D0EC90023BAF8 /* AFHTTPSessionManager.h */ = {isa = PBXFileReference; fileEncoding = 4; lastKnownFileType = sourcecode.c.h; path = AFHTTPSessionManager.h; sourceTree = "<group>"; };
		363740F3195D0EC90023BAF8 /* AFHTTPSessionManager.m */ = {isa = PBXFileReference; fileEncoding = 4; lastKnownFileType = sourcecode.c.objc; path = AFHTTPSessionManager.m; sourceTree = "<group>"; };
		363740F4195D0EC90023BAF8 /* AFNetworking.h */ = {isa = PBXFileReference; fileEncoding = 4; lastKnownFileType = sourcecode.c.h; path = AFNetworking.h; sourceTree = "<group>"; };
		363740F5195D0EC90023BAF8 /* AFNetworkReachabilityManager.h */ = {isa = PBXFileReference; fileEncoding = 4; lastKnownFileType = sourcecode.c.h; path = AFNetworkReachabilityManager.h; sourceTree = "<group>"; };
		363740F6195D0EC90023BAF8 /* AFNetworkReachabilityManager.m */ = {isa = PBXFileReference; fileEncoding = 4; lastKnownFileType = sourcecode.c.objc; path = AFNetworkReachabilityManager.m; sourceTree = "<group>"; };
		363740F7195D0EC90023BAF8 /* AFSecurityPolicy.h */ = {isa = PBXFileReference; fileEncoding = 4; lastKnownFileType = sourcecode.c.h; path = AFSecurityPolicy.h; sourceTree = "<group>"; };
		363740F8195D0EC90023BAF8 /* AFSecurityPolicy.m */ = {isa = PBXFileReference; fileEncoding = 4; lastKnownFileType = sourcecode.c.objc; path = AFSecurityPolicy.m; sourceTree = "<group>"; };
		363740F9195D0EC90023BAF8 /* AFURLConnectionOperation.h */ = {isa = PBXFileReference; fileEncoding = 4; lastKnownFileType = sourcecode.c.h; path = AFURLConnectionOperation.h; sourceTree = "<group>"; };
		363740FA195D0EC90023BAF8 /* AFURLConnectionOperation.m */ = {isa = PBXFileReference; fileEncoding = 4; lastKnownFileType = sourcecode.c.objc; path = AFURLConnectionOperation.m; sourceTree = "<group>"; };
		363740FB195D0EC90023BAF8 /* AFURLRequestSerialization.h */ = {isa = PBXFileReference; fileEncoding = 4; lastKnownFileType = sourcecode.c.h; path = AFURLRequestSerialization.h; sourceTree = "<group>"; };
		363740FC195D0EC90023BAF8 /* AFURLRequestSerialization.m */ = {isa = PBXFileReference; fileEncoding = 4; lastKnownFileType = sourcecode.c.objc; path = AFURLRequestSerialization.m; sourceTree = "<group>"; };
		363740FD195D0EC90023BAF8 /* AFURLResponseSerialization.h */ = {isa = PBXFileReference; fileEncoding = 4; lastKnownFileType = sourcecode.c.h; path = AFURLResponseSerialization.h; sourceTree = "<group>"; };
		363740FE195D0EC90023BAF8 /* AFURLResponseSerialization.m */ = {isa = PBXFileReference; fileEncoding = 4; lastKnownFileType = sourcecode.c.objc; path = AFURLResponseSerialization.m; sourceTree = "<group>"; };
		363740FF195D0EC90023BAF8 /* AFURLSessionManager.h */ = {isa = PBXFileReference; fileEncoding = 4; lastKnownFileType = sourcecode.c.h; path = AFURLSessionManager.h; sourceTree = "<group>"; };
		36374100195D0EC90023BAF8 /* AFURLSessionManager.m */ = {isa = PBXFileReference; fileEncoding = 4; lastKnownFileType = sourcecode.c.objc; path = AFURLSessionManager.m; sourceTree = "<group>"; };
		36374102195D0EC90023BAF8 /* AFNetworkActivityIndicatorManager.h */ = {isa = PBXFileReference; fileEncoding = 4; lastKnownFileType = sourcecode.c.h; path = AFNetworkActivityIndicatorManager.h; sourceTree = "<group>"; };
		36374103195D0EC90023BAF8 /* AFNetworkActivityIndicatorManager.m */ = {isa = PBXFileReference; fileEncoding = 4; lastKnownFileType = sourcecode.c.objc; path = AFNetworkActivityIndicatorManager.m; sourceTree = "<group>"; };
		36374104195D0EC90023BAF8 /* UIActivityIndicatorView+AFNetworking.h */ = {isa = PBXFileReference; fileEncoding = 4; lastKnownFileType = sourcecode.c.h; path = "UIActivityIndicatorView+AFNetworking.h"; sourceTree = "<group>"; };
		36374105195D0EC90023BAF8 /* UIActivityIndicatorView+AFNetworking.m */ = {isa = PBXFileReference; fileEncoding = 4; lastKnownFileType = sourcecode.c.objc; path = "UIActivityIndicatorView+AFNetworking.m"; sourceTree = "<group>"; };
		36374106195D0EC90023BAF8 /* UIAlertView+AFNetworking.h */ = {isa = PBXFileReference; fileEncoding = 4; lastKnownFileType = sourcecode.c.h; path = "UIAlertView+AFNetworking.h"; sourceTree = "<group>"; };
		36374107195D0EC90023BAF8 /* UIAlertView+AFNetworking.m */ = {isa = PBXFileReference; fileEncoding = 4; lastKnownFileType = sourcecode.c.objc; path = "UIAlertView+AFNetworking.m"; sourceTree = "<group>"; };
		36374108195D0EC90023BAF8 /* UIButton+AFNetworking.h */ = {isa = PBXFileReference; fileEncoding = 4; lastKnownFileType = sourcecode.c.h; path = "UIButton+AFNetworking.h"; sourceTree = "<group>"; };
		36374109195D0EC90023BAF8 /* UIButton+AFNetworking.m */ = {isa = PBXFileReference; fileEncoding = 4; lastKnownFileType = sourcecode.c.objc; path = "UIButton+AFNetworking.m"; sourceTree = "<group>"; };
		3637410A195D0EC90023BAF8 /* UIImageView+AFNetworking.h */ = {isa = PBXFileReference; fileEncoding = 4; lastKnownFileType = sourcecode.c.h; path = "UIImageView+AFNetworking.h"; sourceTree = "<group>"; };
		3637410B195D0EC90023BAF8 /* UIImageView+AFNetworking.m */ = {isa = PBXFileReference; fileEncoding = 4; lastKnownFileType = sourcecode.c.objc; path = "UIImageView+AFNetworking.m"; sourceTree = "<group>"; };
		3637410C195D0EC90023BAF8 /* UIKit+AFNetworking.h */ = {isa = PBXFileReference; fileEncoding = 4; lastKnownFileType = sourcecode.c.h; path = "UIKit+AFNetworking.h"; sourceTree = "<group>"; };
		3637410D195D0EC90023BAF8 /* UIProgressView+AFNetworking.h */ = {isa = PBXFileReference; fileEncoding = 4; lastKnownFileType = sourcecode.c.h; path = "UIProgressView+AFNetworking.h"; sourceTree = "<group>"; };
		3637410E195D0EC90023BAF8 /* UIProgressView+AFNetworking.m */ = {isa = PBXFileReference; fileEncoding = 4; lastKnownFileType = sourcecode.c.objc; path = "UIProgressView+AFNetworking.m"; sourceTree = "<group>"; };
		3637410F195D0EC90023BAF8 /* UIRefreshControl+AFNetworking.h */ = {isa = PBXFileReference; fileEncoding = 4; lastKnownFileType = sourcecode.c.h; path = "UIRefreshControl+AFNetworking.h"; sourceTree = "<group>"; };
		36374110195D0EC90023BAF8 /* UIRefreshControl+AFNetworking.m */ = {isa = PBXFileReference; fileEncoding = 4; lastKnownFileType = sourcecode.c.objc; path = "UIRefreshControl+AFNetworking.m"; sourceTree = "<group>"; };
		36374111195D0EC90023BAF8 /* UIWebView+AFNetworking.h */ = {isa = PBXFileReference; fileEncoding = 4; lastKnownFileType = sourcecode.c.h; path = "UIWebView+AFNetworking.h"; sourceTree = "<group>"; };
		36374112195D0EC90023BAF8 /* UIWebView+AFNetworking.m */ = {isa = PBXFileReference; fileEncoding = 4; lastKnownFileType = sourcecode.c.objc; path = "UIWebView+AFNetworking.m"; sourceTree = "<group>"; };
		36374143195D1F130023BAF8 /* FacebookLoginAction.h */ = {isa = PBXFileReference; fileEncoding = 4; lastKnownFileType = sourcecode.c.h; name = FacebookLoginAction.h; path = Applications/Features/Social/Facebook/FacebookLoginAction.h; sourceTree = "<group>"; };
		36374144195D1F130023BAF8 /* FacebookLoginAction.m */ = {isa = PBXFileReference; fileEncoding = 4; lastKnownFileType = sourcecode.c.objc; name = FacebookLoginAction.m; path = Applications/Features/Social/Facebook/FacebookLoginAction.m; sourceTree = "<group>"; };
		36412F411962973100A5FA00 /* DataStore.xcdatamodel */ = {isa = PBXFileReference; lastKnownFileType = wrapper.xcdatamodel; path = DataStore.xcdatamodel; sourceTree = "<group>"; };
		36A4A22B195D60F400CE5251 /* LoginViewController.h */ = {isa = PBXFileReference; fileEncoding = 4; lastKnownFileType = sourcecode.c.h; name = LoginViewController.h; path = Applications/Controllers/Users/LoginViewController.h; sourceTree = "<group>"; };
		36A4A22C195D60F400CE5251 /* LoginViewController.m */ = {isa = PBXFileReference; fileEncoding = 4; lastKnownFileType = sourcecode.c.objc; name = LoginViewController.m; path = Applications/Controllers/Users/LoginViewController.m; sourceTree = "<group>"; };
		36A4A22E195D641000CE5251 /* KeyboardHandledViewController.h */ = {isa = PBXFileReference; fileEncoding = 4; lastKnownFileType = sourcecode.c.h; name = KeyboardHandledViewController.h; path = Applications/Views/BaseViewController/KeyboardHandledViewController.h; sourceTree = "<group>"; };
		36A4A22F195D641000CE5251 /* KeyboardHandledViewController.m */ = {isa = PBXFileReference; fileEncoding = 4; lastKnownFileType = sourcecode.c.objc; name = KeyboardHandledViewController.m; path = Applications/Views/BaseViewController/KeyboardHandledViewController.m; sourceTree = "<group>"; };
		36AE211D1961435F00D9AD6E /* SidebarViewController.h */ = {isa = PBXFileReference; fileEncoding = 4; lastKnownFileType = sourcecode.c.h; name = SidebarViewController.h; path = Applications/Views/BaseViewController/SidebarViewController.h; sourceTree = "<group>"; };
		36AE211E1961435F00D9AD6E /* SidebarViewController.m */ = {isa = PBXFileReference; fileEncoding = 4; lastKnownFileType = sourcecode.c.objc; name = SidebarViewController.m; path = Applications/Views/BaseViewController/SidebarViewController.m; sourceTree = "<group>"; };
		36AE21211961458900D9AD6E /* UISidebarMenuSegue.h */ = {isa = PBXFileReference; fileEncoding = 4; lastKnownFileType = sourcecode.c.h; name = UISidebarMenuSegue.h; path = Applications/Views/BaseViewController/Segues/UISidebarMenuSegue.h; sourceTree = "<group>"; };
		36AE21221961458900D9AD6E /* UISidebarMenuSegue.m */ = {isa = PBXFileReference; fileEncoding = 4; lastKnownFileType = sourcecode.c.objc; name = UISidebarMenuSegue.m; path = Applications/Views/BaseViewController/Segues/UISidebarMenuSegue.m; sourceTree = "<group>"; };
		36AE21241961467100D9AD6E /* UISidebarItemSegue.h */ = {isa = PBXFileReference; fileEncoding = 4; lastKnownFileType = sourcecode.c.h; name = UISidebarItemSegue.h; path = Applications/Views/BaseViewController/Segues/UISidebarItemSegue.h; sourceTree = "<group>"; };
		36AE21251961467100D9AD6E /* UISidebarItemSegue.m */ = {isa = PBXFileReference; fileEncoding = 4; lastKnownFileType = sourcecode.c.objc; name = UISidebarItemSegue.m; path = Applications/Views/BaseViewController/Segues/UISidebarItemSegue.m; sourceTree = "<group>"; };
/* End PBXFileReference section */

/* Begin PBXFrameworksBuildPhase section */
		3637409A195CFBB80023BAF8 /* Frameworks */ = {
			isa = PBXFrameworksBuildPhase;
			buildActionMask = 2147483647;
			files = (
				363740A3195CFBB80023BAF8 /* CoreGraphics.framework in Frameworks */,
				363740A5195CFBB80023BAF8 /* UIKit.framework in Frameworks */,
				363740A1195CFBB80023BAF8 /* Foundation.framework in Frameworks */,
			);
			runOnlyForDeploymentPostprocessing = 0;
		};
		363740BE195CFBB80023BAF8 /* Frameworks */ = {
			isa = PBXFrameworksBuildPhase;
			buildActionMask = 2147483647;
			files = (
				363740C3195CFBB80023BAF8 /* XCTest.framework in Frameworks */,
				363740C5195CFBB80023BAF8 /* UIKit.framework in Frameworks */,
				363740C4195CFBB80023BAF8 /* Foundation.framework in Frameworks */,
			);
			runOnlyForDeploymentPostprocessing = 0;
		};
/* End PBXFrameworksBuildPhase section */

/* Begin PBXGroup section */
		36262A611962A0020046EF37 /* CoreDataSample */ = {
			isa = PBXGroup;
			children = (
				36262A621962A02C0046EF37 /* TodoListViewController.h */,
				36262A631962A02C0046EF37 /* TodoListViewController.m */,
			);
			name = CoreDataSample;
			sourceTree = "<group>";
		};
		36374094195CFBB80023BAF8 = {
			isa = PBXGroup;
			children = (
				363740A6195CFBB80023BAF8 /* iAF */,
				363740C8195CFBB80023BAF8 /* iAFTests */,
				3637409F195CFBB80023BAF8 /* Frameworks */,
				3637409E195CFBB80023BAF8 /* Products */,
			);
			sourceTree = "<group>";
		};
		3637409E195CFBB80023BAF8 /* Products */ = {
			isa = PBXGroup;
			children = (
				3637409D195CFBB80023BAF8 /* iAF.app */,
				363740C1195CFBB80023BAF8 /* iAFTests.xctest */,
			);
			name = Products;
			sourceTree = "<group>";
		};
		3637409F195CFBB80023BAF8 /* Frameworks */ = {
			isa = PBXGroup;
			children = (
				363740ED195D0EC90023BAF8 /* AFNetworking */,
				36374101195D0EC90023BAF8 /* UIKit+AFNetworking */,
				363740A0195CFBB80023BAF8 /* Foundation.framework */,
				363740A2195CFBB80023BAF8 /* CoreGraphics.framework */,
				363740A4195CFBB80023BAF8 /* UIKit.framework */,
				363740C2195CFBB80023BAF8 /* XCTest.framework */,
			);
			name = Frameworks;
			sourceTree = "<group>";
		};
		363740A6195CFBB80023BAF8 /* iAF */ = {
			isa = PBXGroup;
			children = (
				363740D8195CFC030023BAF8 /* Applications */,
				363740AF195CFBB80023BAF8 /* AppDelegate.h */,
				363740B0195CFBB80023BAF8 /* AppDelegate.m */,
				363740B8195CFBB80023BAF8 /* ViewController.h */,
				363740B9195CFBB80023BAF8 /* ViewController.m */,
				363740BB195CFBB80023BAF8 /* Images.xcassets */,
				363740A7195CFBB80023BAF8 /* Supporting Files */,
			);
			path = iAF;
			sourceTree = "<group>";
		};
		363740A7195CFBB80023BAF8 /* Supporting Files */ = {
			isa = PBXGroup;
			children = (
				363740A8195CFBB80023BAF8 /* iAF-Info.plist */,
				363740A9195CFBB80023BAF8 /* InfoPlist.strings */,
				363740AC195CFBB80023BAF8 /* main.m */,
				363740AE195CFBB80023BAF8 /* iAF-Prefix.pch */,
			);
			name = "Supporting Files";
			sourceTree = "<group>";
		};
		363740C8195CFBB80023BAF8 /* iAFTests */ = {
			isa = PBXGroup;
			children = (
				363740CE195CFBB90023BAF8 /* iAFTests.m */,
				363740C9195CFBB80023BAF8 /* Supporting Files */,
			);
			path = iAFTests;
			sourceTree = "<group>";
		};
		363740C9195CFBB80023BAF8 /* Supporting Files */ = {
			isa = PBXGroup;
			children = (
				363740CA195CFBB80023BAF8 /* iAFTests-Info.plist */,
				363740CB195CFBB90023BAF8 /* InfoPlist.strings */,
			);
			name = "Supporting Files";
			sourceTree = "<group>";
		};
		363740D8195CFC030023BAF8 /* Applications */ = {
			isa = PBXGroup;
			children = (
				363740EA195D0C940023BAF8 /* Features */,
				363740DE195D02F20023BAF8 /* Resources */,
				363740DB195CFC1F0023BAF8 /* Models */,
				363740DA195CFC190023BAF8 /* Views */,
				363740D9195CFC100023BAF8 /* Controllers */,
			);
			name = Applications;
			sourceTree = "<group>";
		};
		363740D9195CFC100023BAF8 /* Controllers */ = {
			isa = PBXGroup;
			children = (
				36262A611962A0020046EF37 /* CoreDataSample */,
				36A4A22A195D60AC00CE5251 /* Users */,
				363740DC195CFEFF0023BAF8 /* BaseControllers */,
			);
			name = Controllers;
			sourceTree = "<group>";
		};
		363740DA195CFC190023BAF8 /* Views */ = {
			isa = PBXGroup;
			children = (
				363740E6195D0B4E0023BAF8 /* CustomViews */,
				363740E2195D053C0023BAF8 /* Helpers */,
				363740DD195CFF210023BAF8 /* BaseViewController */,
				363740B2195CFBB80023BAF8 /* Main_iPhone.storyboard */,
				363740B5195CFBB80023BAF8 /* Main_iPad.storyboard */,
			);
			name = Views;
			sourceTree = "<group>";
		};
		363740DB195CFC1F0023BAF8 /* Models */ = {
			isa = PBXGroup;
			children = (
				36412F401962973100A5FA00 /* DataStore.xcdatamodeld */,
				36262A0E1962986E0046EF37 /* DataStore.h */,
				36262A0F1962986E0046EF37 /* DataStore.m */,
				36262A651962C7450046EF37 /* Model.h */,
				36262A661962C7450046EF37 /* Model.m */,
				36262A681962CB3E0046EF37 /* Item.h */,
				36262A691962CB3E0046EF37 /* Item.m */,
			);
			name = Models;
			sourceTree = "<group>";
		};
		363740DC195CFEFF0023BAF8 /* BaseControllers */ = {
			isa = PBXGroup;
			children = (
			);
			name = BaseControllers;
			sourceTree = "<group>";
		};
		363740DD195CFF210023BAF8 /* BaseViewController */ = {
			isa = PBXGroup;
			children = (
				36AE21201961455900D9AD6E /* Segues */,
				36A4A22E195D641000CE5251 /* KeyboardHandledViewController.h */,
				36A4A22F195D641000CE5251 /* KeyboardHandledViewController.m */,
				36AE211D1961435F00D9AD6E /* SidebarViewController.h */,
				36AE211E1961435F00D9AD6E /* SidebarViewController.m */,
			);
			name = BaseViewController;
			sourceTree = "<group>";
		};
		363740DE195D02F20023BAF8 /* Resources */ = {
			isa = PBXGroup;
			children = (
			);
			name = Resources;
			sourceTree = "<group>";
		};
		363740E2195D053C0023BAF8 /* Helpers */ = {
			isa = PBXGroup;
			children = (
				363740E3195D05670023BAF8 /* UICustomize.h */,
				363740E4195D05670023BAF8 /* UICustomize.m */,
			);
			name = Helpers;
			sourceTree = "<group>";
		};
		363740E6195D0B4E0023BAF8 /* CustomViews */ = {
			isa = PBXGroup;
			children = (
				363740E7195D0C380023BAF8 /* FacebookConnectButton.h */,
				363740E8195D0C380023BAF8 /* FacebookConnectButton.m */,
			);
			name = CustomViews;
			sourceTree = "<group>";
		};
		363740EA195D0C940023BAF8 /* Features */ = {
			isa = PBXGroup;
			children = (
				363740EB195D0C9C0023BAF8 /* Social */,
			);
			name = Features;
			sourceTree = "<group>";
		};
		363740EB195D0C9C0023BAF8 /* Social */ = {
			isa = PBXGroup;
			children = (
				36374142195D1ECD0023BAF8 /* Facebook */,
			);
			name = Social;
			sourceTree = "<group>";
		};
		363740ED195D0EC90023BAF8 /* AFNetworking */ = {
			isa = PBXGroup;
			children = (
				363740EE195D0EC90023BAF8 /* AFHTTPRequestOperation.h */,
				363740EF195D0EC90023BAF8 /* AFHTTPRequestOperation.m */,
				363740F0195D0EC90023BAF8 /* AFHTTPRequestOperationManager.h */,
				363740F1195D0EC90023BAF8 /* AFHTTPRequestOperationManager.m */,
				363740F2195D0EC90023BAF8 /* AFHTTPSessionManager.h */,
				363740F3195D0EC90023BAF8 /* AFHTTPSessionManager.m */,
				363740F4195D0EC90023BAF8 /* AFNetworking.h */,
				363740F5195D0EC90023BAF8 /* AFNetworkReachabilityManager.h */,
				363740F6195D0EC90023BAF8 /* AFNetworkReachabilityManager.m */,
				363740F7195D0EC90023BAF8 /* AFSecurityPolicy.h */,
				363740F8195D0EC90023BAF8 /* AFSecurityPolicy.m */,
				363740F9195D0EC90023BAF8 /* AFURLConnectionOperation.h */,
				363740FA195D0EC90023BAF8 /* AFURLConnectionOperation.m */,
				363740FB195D0EC90023BAF8 /* AFURLRequestSerialization.h */,
				363740FC195D0EC90023BAF8 /* AFURLRequestSerialization.m */,
				363740FD195D0EC90023BAF8 /* AFURLResponseSerialization.h */,
				363740FE195D0EC90023BAF8 /* AFURLResponseSerialization.m */,
				363740FF195D0EC90023BAF8 /* AFURLSessionManager.h */,
				36374100195D0EC90023BAF8 /* AFURLSessionManager.m */,
			);
			path = AFNetworking;
			sourceTree = "<group>";
		};
		36374101195D0EC90023BAF8 /* UIKit+AFNetworking */ = {
			isa = PBXGroup;
			children = (
				36374102195D0EC90023BAF8 /* AFNetworkActivityIndicatorManager.h */,
				36374103195D0EC90023BAF8 /* AFNetworkActivityIndicatorManager.m */,
				36374104195D0EC90023BAF8 /* UIActivityIndicatorView+AFNetworking.h */,
				36374105195D0EC90023BAF8 /* UIActivityIndicatorView+AFNetworking.m */,
				36374106195D0EC90023BAF8 /* UIAlertView+AFNetworking.h */,
				36374107195D0EC90023BAF8 /* UIAlertView+AFNetworking.m */,
				36374108195D0EC90023BAF8 /* UIButton+AFNetworking.h */,
				36374109195D0EC90023BAF8 /* UIButton+AFNetworking.m */,
				3637410A195D0EC90023BAF8 /* UIImageView+AFNetworking.h */,
				3637410B195D0EC90023BAF8 /* UIImageView+AFNetworking.m */,
				3637410C195D0EC90023BAF8 /* UIKit+AFNetworking.h */,
				3637410D195D0EC90023BAF8 /* UIProgressView+AFNetworking.h */,
				3637410E195D0EC90023BAF8 /* UIProgressView+AFNetworking.m */,
				3637410F195D0EC90023BAF8 /* UIRefreshControl+AFNetworking.h */,
				36374110195D0EC90023BAF8 /* UIRefreshControl+AFNetworking.m */,
				36374111195D0EC90023BAF8 /* UIWebView+AFNetworking.h */,
				36374112195D0EC90023BAF8 /* UIWebView+AFNetworking.m */,
			);
			path = "UIKit+AFNetworking";
			sourceTree = "<group>";
		};
		36374142195D1ECD0023BAF8 /* Facebook */ = {
			isa = PBXGroup;
			children = (
				36374143195D1F130023BAF8 /* FacebookLoginAction.h */,
				36374144195D1F130023BAF8 /* FacebookLoginAction.m */,
			);
			name = Facebook;
			sourceTree = "<group>";
		};
		36A4A22A195D60AC00CE5251 /* Users */ = {
			isa = PBXGroup;
			children = (
				36A4A22B195D60F400CE5251 /* LoginViewController.h */,
				36A4A22C195D60F400CE5251 /* LoginViewController.m */,
			);
			name = Users;
			sourceTree = "<group>";
		};
		36AE21201961455900D9AD6E /* Segues */ = {
			isa = PBXGroup;
			children = (
				36AE21211961458900D9AD6E /* UISidebarMenuSegue.h */,
				36AE21221961458900D9AD6E /* UISidebarMenuSegue.m */,
				36AE21241961467100D9AD6E /* UISidebarItemSegue.h */,
				36AE21251961467100D9AD6E /* UISidebarItemSegue.m */,
			);
			name = Segues;
			sourceTree = "<group>";
		};
/* End PBXGroup section */

/* Begin PBXNativeTarget section */
		3637409C195CFBB80023BAF8 /* iAF */ = {
			isa = PBXNativeTarget;
			buildConfigurationList = 363740D2195CFBB90023BAF8 /* Build configuration list for PBXNativeTarget "iAF" */;
			buildPhases = (
				36374099195CFBB80023BAF8 /* Sources */,
				3637409A195CFBB80023BAF8 /* Frameworks */,
				3637409B195CFBB80023BAF8 /* Resources */,
			);
			buildRules = (
			);
			dependencies = (
			);
			name = iAF;
			productName = iAF;
			productReference = 3637409D195CFBB80023BAF8 /* iAF.app */;
			productType = "com.apple.product-type.application";
		};
		363740C0195CFBB80023BAF8 /* iAFTests */ = {
			isa = PBXNativeTarget;
			buildConfigurationList = 363740D5195CFBB90023BAF8 /* Build configuration list for PBXNativeTarget "iAFTests" */;
			buildPhases = (
				363740BD195CFBB80023BAF8 /* Sources */,
				363740BE195CFBB80023BAF8 /* Frameworks */,
				363740BF195CFBB80023BAF8 /* Resources */,
			);
			buildRules = (
			);
			dependencies = (
				363740C7195CFBB80023BAF8 /* PBXTargetDependency */,
			);
			name = iAFTests;
			productName = iAFTests;
			productReference = 363740C1195CFBB80023BAF8 /* iAFTests.xctest */;
			productType = "com.apple.product-type.bundle.unit-test";
		};
/* End PBXNativeTarget section */

/* Begin PBXProject section */
		36374095195CFBB80023BAF8 /* Project object */ = {
			isa = PBXProject;
			attributes = {
				LastUpgradeCheck = 0510;
				ORGANIZATIONNAME = "Tran Thien Khiem";
				TargetAttributes = {
					363740C0195CFBB80023BAF8 = {
						TestTargetID = 3637409C195CFBB80023BAF8;
					};
				};
			};
			buildConfigurationList = 36374098195CFBB80023BAF8 /* Build configuration list for PBXProject "iAF" */;
			compatibilityVersion = "Xcode 3.2";
			developmentRegion = English;
			hasScannedForEncodings = 0;
			knownRegions = (
				en,
				Base,
			);
			mainGroup = 36374094195CFBB80023BAF8;
			productRefGroup = 3637409E195CFBB80023BAF8 /* Products */;
			projectDirPath = "";
			projectRoot = "";
			targets = (
				3637409C195CFBB80023BAF8 /* iAF */,
				363740C0195CFBB80023BAF8 /* iAFTests */,
			);
		};
/* End PBXProject section */

/* Begin PBXResourcesBuildPhase section */
		3637409B195CFBB80023BAF8 /* Resources */ = {
			isa = PBXResourcesBuildPhase;
			buildActionMask = 2147483647;
			files = (
				363740B7195CFBB80023BAF8 /* Main_iPad.storyboard in Resources */,
				363740BC195CFBB80023BAF8 /* Images.xcassets in Resources */,
				363740B4195CFBB80023BAF8 /* Main_iPhone.storyboard in Resources */,
				363740AB195CFBB80023BAF8 /* InfoPlist.strings in Resources */,
			);
			runOnlyForDeploymentPostprocessing = 0;
		};
		363740BF195CFBB80023BAF8 /* Resources */ = {
			isa = PBXResourcesBuildPhase;
			buildActionMask = 2147483647;
			files = (
				363740CD195CFBB90023BAF8 /* InfoPlist.strings in Resources */,
			);
			runOnlyForDeploymentPostprocessing = 0;
		};
/* End PBXResourcesBuildPhase section */

/* Begin PBXSourcesBuildPhase section */
		36374099195CFBB80023BAF8 /* Sources */ = {
			isa = PBXSourcesBuildPhase;
			buildActionMask = 2147483647;
			files = (
				36262A671962C7450046EF37 /* Model.m in Sources */,
				36AE211F1961435F00D9AD6E /* SidebarViewController.m in Sources */,
				36374145195D1F130023BAF8 /* FacebookLoginAction.m in Sources */,
				36374118195D0EC90023BAF8 /* AFURLConnectionOperation.m in Sources */,
				36374113195D0EC90023BAF8 /* AFHTTPRequestOperation.m in Sources */,
				3637411F195D0EC90023BAF8 /* UIButton+AFNetworking.m in Sources */,
				36374116195D0EC90023BAF8 /* AFNetworkReachabilityManager.m in Sources */,
				36374121195D0EC90023BAF8 /* UIProgressView+AFNetworking.m in Sources */,
				3637411B195D0EC90023BAF8 /* AFURLSessionManager.m in Sources */,
				36374119195D0EC90023BAF8 /* AFURLRequestSerialization.m in Sources */,
				36A4A22D195D60F400CE5251 /* LoginViewController.m in Sources */,
				363740BA195CFBB80023BAF8 /* ViewController.m in Sources */,
				36262A6A1962CB3E0046EF37 /* Item.m in Sources */,
				36374122195D0EC90023BAF8 /* UIRefreshControl+AFNetworking.m in Sources */,
				36262A101962986E0046EF37 /* DataStore.m in Sources */,
				36AE21261961467100D9AD6E /* UISidebarItemSegue.m in Sources */,
				3637411A195D0EC90023BAF8 /* AFURLResponseSerialization.m in Sources */,
				36A4A230195D641000CE5251 /* KeyboardHandledViewController.m in Sources */,
				363740B1195CFBB80023BAF8 /* AppDelegate.m in Sources */,
				36374120195D0EC90023BAF8 /* UIImageView+AFNetworking.m in Sources */,
				363740E5195D05670023BAF8 /* UICustomize.m in Sources */,
				3637411E195D0EC90023BAF8 /* UIAlertView+AFNetworking.m in Sources */,
				36374114195D0EC90023BAF8 /* AFHTTPRequestOperationManager.m in Sources */,
				36374117195D0EC90023BAF8 /* AFSecurityPolicy.m in Sources */,
				36374123195D0EC90023BAF8 /* UIWebView+AFNetworking.m in Sources */,
				363740AD195CFBB80023BAF8 /* main.m in Sources */,
				363740E9195D0C380023BAF8 /* FacebookConnectButton.m in Sources */,
				36412F421962973100A5FA00 /* DataStore.xcdatamodeld in Sources */,
				36374115195D0EC90023BAF8 /* AFHTTPSessionManager.m in Sources */,
				3637411D195D0EC90023BAF8 /* UIActivityIndicatorView+AFNetworking.m in Sources */,
				36AE21231961458900D9AD6E /* UISidebarMenuSegue.m in Sources */,
				3637411C195D0EC90023BAF8 /* AFNetworkActivityIndicatorManager.m in Sources */,
				36262A641962A02C0046EF37 /* TodoListViewController.m in Sources */,
			);
			runOnlyForDeploymentPostprocessing = 0;
		};
		363740BD195CFBB80023BAF8 /* Sources */ = {
			isa = PBXSourcesBuildPhase;
			buildActionMask = 2147483647;
			files = (
				363740CF195CFBB90023BAF8 /* iAFTests.m in Sources */,
			);
			runOnlyForDeploymentPostprocessing = 0;
		};
/* End PBXSourcesBuildPhase section */

/* Begin PBXTargetDependency section */
		363740C7195CFBB80023BAF8 /* PBXTargetDependency */ = {
			isa = PBXTargetDependency;
			target = 3637409C195CFBB80023BAF8 /* iAF */;
			targetProxy = 363740C6195CFBB80023BAF8 /* PBXContainerItemProxy */;
		};
/* End PBXTargetDependency section */

/* Begin PBXVariantGroup section */
		363740A9195CFBB80023BAF8 /* InfoPlist.strings */ = {
			isa = PBXVariantGroup;
			children = (
				363740AA195CFBB80023BAF8 /* en */,
			);
			name = InfoPlist.strings;
			sourceTree = "<group>";
		};
		363740B2195CFBB80023BAF8 /* Main_iPhone.storyboard */ = {
			isa = PBXVariantGroup;
			children = (
				363740B3195CFBB80023BAF8 /* Base */,
			);
			name = Main_iPhone.storyboard;
			sourceTree = "<group>";
		};
		363740B5195CFBB80023BAF8 /* Main_iPad.storyboard */ = {
			isa = PBXVariantGroup;
			children = (
				363740B6195CFBB80023BAF8 /* Base */,
			);
			name = Main_iPad.storyboard;
			sourceTree = "<group>";
		};
		363740CB195CFBB90023BAF8 /* InfoPlist.strings */ = {
			isa = PBXVariantGroup;
			children = (
				363740CC195CFBB90023BAF8 /* en */,
			);
			name = InfoPlist.strings;
			sourceTree = "<group>";
		};
/* End PBXVariantGroup section */

/* Begin XCBuildConfiguration section */
		363740D0195CFBB90023BAF8 /* Debug */ = {
			isa = XCBuildConfiguration;
			buildSettings = {
				ALWAYS_SEARCH_USER_PATHS = NO;
				CLANG_CXX_LANGUAGE_STANDARD = "gnu++0x";
				CLANG_CXX_LIBRARY = "libc++";
				CLANG_ENABLE_MODULES = YES;
				CLANG_ENABLE_OBJC_ARC = YES;
				CLANG_WARN_BOOL_CONVERSION = YES;
				CLANG_WARN_CONSTANT_CONVERSION = YES;
				CLANG_WARN_DIRECT_OBJC_ISA_USAGE = YES_ERROR;
				CLANG_WARN_EMPTY_BODY = YES;
				CLANG_WARN_ENUM_CONVERSION = YES;
				CLANG_WARN_INT_CONVERSION = YES;
				CLANG_WARN_OBJC_ROOT_CLASS = YES_ERROR;
				CLANG_WARN__DUPLICATE_METHOD_MATCH = YES;
				"CODE_SIGN_IDENTITY[sdk=iphoneos*]" = "iPhone Developer";
				COPY_PHASE_STRIP = NO;
				GCC_C_LANGUAGE_STANDARD = gnu99;
				GCC_DYNAMIC_NO_PIC = NO;
				GCC_OPTIMIZATION_LEVEL = 0;
				GCC_PREPROCESSOR_DEFINITIONS = (
					"DEBUG=1",
					"$(inherited)",
				);
				GCC_SYMBOLS_PRIVATE_EXTERN = NO;
				GCC_WARN_64_TO_32_BIT_CONVERSION = YES;
				GCC_WARN_ABOUT_RETURN_TYPE = YES_ERROR;
				GCC_WARN_UNDECLARED_SELECTOR = YES;
				GCC_WARN_UNINITIALIZED_AUTOS = YES_AGGRESSIVE;
				GCC_WARN_UNUSED_FUNCTION = YES;
				GCC_WARN_UNUSED_VARIABLE = YES;
				IPHONEOS_DEPLOYMENT_TARGET = 7.1;
				ONLY_ACTIVE_ARCH = YES;
				SDKROOT = iphoneos;
				TARGETED_DEVICE_FAMILY = "1,2";
			};
			name = Debug;
		};
		363740D1195CFBB90023BAF8 /* Release */ = {
			isa = XCBuildConfiguration;
			buildSettings = {
				ALWAYS_SEARCH_USER_PATHS = NO;
				CLANG_CXX_LANGUAGE_STANDARD = "gnu++0x";
				CLANG_CXX_LIBRARY = "libc++";
				CLANG_ENABLE_MODULES = YES;
				CLANG_ENABLE_OBJC_ARC = YES;
				CLANG_WARN_BOOL_CONVERSION = YES;
				CLANG_WARN_CONSTANT_CONVERSION = YES;
				CLANG_WARN_DIRECT_OBJC_ISA_USAGE = YES_ERROR;
				CLANG_WARN_EMPTY_BODY = YES;
				CLANG_WARN_ENUM_CONVERSION = YES;
				CLANG_WARN_INT_CONVERSION = YES;
				CLANG_WARN_OBJC_ROOT_CLASS = YES_ERROR;
				CLANG_WARN__DUPLICATE_METHOD_MATCH = YES;
				"CODE_SIGN_IDENTITY[sdk=iphoneos*]" = "iPhone Developer";
				COPY_PHASE_STRIP = YES;
				ENABLE_NS_ASSERTIONS = NO;
				GCC_C_LANGUAGE_STANDARD = gnu99;
				GCC_WARN_64_TO_32_BIT_CONVERSION = YES;
				GCC_WARN_ABOUT_RETURN_TYPE = YES_ERROR;
				GCC_WARN_UNDECLARED_SELECTOR = YES;
				GCC_WARN_UNINITIALIZED_AUTOS = YES_AGGRESSIVE;
				GCC_WARN_UNUSED_FUNCTION = YES;
				GCC_WARN_UNUSED_VARIABLE = YES;
				IPHONEOS_DEPLOYMENT_TARGET = 7.1;
				SDKROOT = iphoneos;
				TARGETED_DEVICE_FAMILY = "1,2";
				VALIDATE_PRODUCT = YES;
			};
			name = Release;
		};
		363740D3195CFBB90023BAF8 /* Debug */ = {
			isa = XCBuildConfiguration;
			buildSettings = {
				ASSETCATALOG_COMPILER_APPICON_NAME = AppIcon;
				ASSETCATALOG_COMPILER_LAUNCHIMAGE_NAME = LaunchImage;
				GCC_PRECOMPILE_PREFIX_HEADER = YES;
				GCC_PREFIX_HEADER = "iAF/iAF-Prefix.pch";
				INFOPLIST_FILE = "iAF/iAF-Info.plist";
				PRODUCT_NAME = "$(TARGET_NAME)";
				WRAPPER_EXTENSION = app;
			};
			name = Debug;
		};
		363740D4195CFBB90023BAF8 /* Release */ = {
			isa = XCBuildConfiguration;
			buildSettings = {
				ASSETCATALOG_COMPILER_APPICON_NAME = AppIcon;
				ASSETCATALOG_COMPILER_LAUNCHIMAGE_NAME = LaunchImage;
				GCC_PRECOMPILE_PREFIX_HEADER = YES;
				GCC_PREFIX_HEADER = "iAF/iAF-Prefix.pch";
				INFOPLIST_FILE = "iAF/iAF-Info.plist";
				PRODUCT_NAME = "$(TARGET_NAME)";
				WRAPPER_EXTENSION = app;
			};
			name = Release;
		};
		363740D6195CFBB90023BAF8 /* Debug */ = {
			isa = XCBuildConfiguration;
			buildSettings = {
				BUNDLE_LOADER = "$(BUILT_PRODUCTS_DIR)/iAF.app/iAF";
				FRAMEWORK_SEARCH_PATHS = (
					"$(SDKROOT)/Developer/Library/Frameworks",
					"$(inherited)",
					"$(DEVELOPER_FRAMEWORKS_DIR)",
				);
				GCC_PRECOMPILE_PREFIX_HEADER = YES;
				GCC_PREFIX_HEADER = "iAF/iAF-Prefix.pch";
				GCC_PREPROCESSOR_DEFINITIONS = (
					"DEBUG=1",
					"$(inherited)",
				);
				INFOPLIST_FILE = "iAFTests/iAFTests-Info.plist";
				PRODUCT_NAME = "$(TARGET_NAME)";
				TEST_HOST = "$(BUNDLE_LOADER)";
				WRAPPER_EXTENSION = xctest;
			};
			name = Debug;
		};
		363740D7195CFBB90023BAF8 /* Release */ = {
			isa = XCBuildConfiguration;
			buildSettings = {
				BUNDLE_LOADER = "$(BUILT_PRODUCTS_DIR)/iAF.app/iAF";
				FRAMEWORK_SEARCH_PATHS = (
					"$(SDKROOT)/Developer/Library/Frameworks",
					"$(inherited)",
					"$(DEVELOPER_FRAMEWORKS_DIR)",
				);
				GCC_PRECOMPILE_PREFIX_HEADER = YES;
				GCC_PREFIX_HEADER = "iAF/iAF-Prefix.pch";
				INFOPLIST_FILE = "iAFTests/iAFTests-Info.plist";
				PRODUCT_NAME = "$(TARGET_NAME)";
				TEST_HOST = "$(BUNDLE_LOADER)";
				WRAPPER_EXTENSION = xctest;
			};
			name = Release;
		};
/* End XCBuildConfiguration section */

/* Begin XCConfigurationList section */
		36374098195CFBB80023BAF8 /* Build configuration list for PBXProject "iAF" */ = {
			isa = XCConfigurationList;
			buildConfigurations = (
				363740D0195CFBB90023BAF8 /* Debug */,
				363740D1195CFBB90023BAF8 /* Release */,
			);
			defaultConfigurationIsVisible = 0;
			defaultConfigurationName = Release;
		};
		363740D2195CFBB90023BAF8 /* Build configuration list for PBXNativeTarget "iAF" */ = {
			isa = XCConfigurationList;
			buildConfigurations = (
				363740D3195CFBB90023BAF8 /* Debug */,
				363740D4195CFBB90023BAF8 /* Release */,
			);
			defaultConfigurationIsVisible = 0;
			defaultConfigurationName = Release;
		};
		363740D5195CFBB90023BAF8 /* Build configuration list for PBXNativeTarget "iAFTests" */ = {
			isa = XCConfigurationList;
			buildConfigurations = (
				363740D6195CFBB90023BAF8 /* Debug */,
				363740D7195CFBB90023BAF8 /* Release */,
			);
			defaultConfigurationIsVisible = 0;
			defaultConfigurationName = Release;
		};
/* End XCConfigurationList section */

/* Begin XCVersionGroup section */
		36412F401962973100A5FA00 /* DataStore.xcdatamodeld */ = {
			isa = XCVersionGroup;
			children = (
				36412F411962973100A5FA00 /* DataStore.xcdatamodel */,
			);
			currentVersion = 36412F411962973100A5FA00 /* DataStore.xcdatamodel */;
			name = DataStore.xcdatamodeld;
			path = Applications/Models/DataStore.xcdatamodeld;
			sourceTree = "<group>";
			versionGroupType = wrapper.xcdatamodel;
		};
/* End XCVersionGroup section */
	};
	rootObject = 36374095195CFBB80023BAF8 /* Project object */;
}
